// !$*UTF8*$!
{
	archiveVersion = 1;
	classes = {
	};
	objectVersion = 46;
	objects = {

/* Begin PBXBuildFile section */
		2FB300D619B5127E00D757A4 /* main.m in Sources */ = {isa = PBXBuildFile; fileRef = 2FB300D519B5127E00D757A4 /* main.m */; };
		2FB300D919B5127E00D757A4 /* AppDelegate.m in Sources */ = {isa = PBXBuildFile; fileRef = 2FB300D819B5127E00D757A4 /* AppDelegate.m */; };
		2FB300DB19B5127E00D757A4 /* Images.xcassets in Resources */ = {isa = PBXBuildFile; fileRef = 2FB300DA19B5127E00D757A4 /* Images.xcassets */; };
		2FB300E719B5127E00D757A4 /* BlocstagramTests.m in Sources */ = {isa = PBXBuildFile; fileRef = 2FB300E619B5127E00D757A4 /* BlocstagramTests.m */; };
/* End PBXBuildFile section */

/* Begin PBXContainerItemProxy section */
		2FB300E119B5127E00D757A4 /* PBXContainerItemProxy */ = {
			isa = PBXContainerItemProxy;
			containerPortal = 2FB300C819B5127E00D757A4 /* Project object */;
			proxyType = 1;
			remoteGlobalIDString = 2FB300CF19B5127E00D757A4;
			remoteInfo = Blocstagram;
		};
/* End PBXContainerItemProxy section */

/* Begin PBXFileReference section */
		2FB300D019B5127E00D757A4 /* Blocstagram.app */ = {isa = PBXFileReference; explicitFileType = wrapper.application; includeInIndex = 0; path = Blocstagram.app; sourceTree = BUILT_PRODUCTS_DIR; };
		2FB300D419B5127E00D757A4 /* Info.plist */ = {isa = PBXFileReference; lastKnownFileType = text.plist.xml; path = Info.plist; sourceTree = "<group>"; };
		2FB300D519B5127E00D757A4 /* main.m */ = {isa = PBXFileReference; lastKnownFileType = sourcecode.c.objc; path = main.m; sourceTree = "<group>"; };
		2FB300D719B5127E00D757A4 /* AppDelegate.h */ = {isa = PBXFileReference; lastKnownFileType = sourcecode.c.h; path = AppDelegate.h; sourceTree = "<group>"; };
		2FB300D819B5127E00D757A4 /* AppDelegate.m */ = {isa = PBXFileReference; lastKnownFileType = sourcecode.c.objc; path = AppDelegate.m; sourceTree = "<group>"; };
		2FB300DA19B5127E00D757A4 /* Images.xcassets */ = {isa = PBXFileReference; lastKnownFileType = folder.assetcatalog; path = Images.xcassets; sourceTree = "<group>"; };
		2FB300E019B5127E00D757A4 /* BlocstagramTests.xctest */ = {isa = PBXFileReference; explicitFileType = wrapper.cfbundle; includeInIndex = 0; path = BlocstagramTests.xctest; sourceTree = BUILT_PRODUCTS_DIR; };
		2FB300E519B5127E00D757A4 /* Info.plist */ = {isa = PBXFileReference; lastKnownFileType = text.plist.xml; path = Info.plist; sourceTree = "<group>"; };
		2FB300E619B5127E00D757A4 /* BlocstagramTests.m */ = {isa = PBXFileReference; lastKnownFileType = sourcecode.c.objc; path = BlocstagramTests.m; sourceTree = "<group>"; };
/* End PBXFileReference section */

/* Begin PBXFrameworksBuildPhase section */
		2FB300CD19B5127E00D757A4 /* Frameworks */ = {
			isa = PBXFrameworksBuildPhase;
			buildActionMask = 2147483647;
			files = (
			);
			runOnlyForDeploymentPostprocessing = 0;
		};
		2FB300DD19B5127E00D757A4 /* Frameworks */ = {
			isa = PBXFrameworksBuildPhase;
			buildActionMask = 2147483647;
			files = (
			);
			runOnlyForDeploymentPostprocessing = 0;
		};
/* End PBXFrameworksBuildPhase section */

/* Begin PBXGroup section */
		2FB300C719B5127E00D757A4 = {
			isa = PBXGroup;
			children = (
				2FB300D219B5127E00D757A4 /* Blocstagram */,
				2FB300E319B5127E00D757A4 /* BlocstagramTests */,
				2FB300D119B5127E00D757A4 /* Products */,
			);
			sourceTree = "<group>";
		};
		2FB300D119B5127E00D757A4 /* Products */ = {
			isa = PBXGroup;
			children = (
				2FB300D019B5127E00D757A4 /* Blocstagram.app */,
				2FB300E019B5127E00D757A4 /* BlocstagramTests.xctest */,
			);
			name = Products;
			sourceTree = "<group>";
		};
		2FB300D219B5127E00D757A4 /* Blocstagram */ = {
			isa = PBXGroup;
			children = (
				2FB300D719B5127E00D757A4 /* AppDelegate.h */,
				2FB300D819B5127E00D757A4 /* AppDelegate.m */,
				2FB300DA19B5127E00D757A4 /* Images.xcassets */,
				2FB300D319B5127E00D757A4 /* Supporting Files */,
			);
			path = Blocstagram;
			sourceTree = "<group>";
		};
		2FB300D319B5127E00D757A4 /* Supporting Files */ = {
			isa = PBXGroup;
			children = (
				2FB300D419B5127E00D757A4 /* Info.plist */,
				2FB300D519B5127E00D757A4 /* main.m */,
			);
			name = "Supporting Files";
			sourceTree = "<group>";
		};
		2FB300E319B5127E00D757A4 /* BlocstagramTests */ = {
			isa = PBXGroup;
			children = (
				2FB300E619B5127E00D757A4 /* BlocstagramTests.m */,
				2FB300E419B5127E00D757A4 /* Supporting Files */,
			);
			path = BlocstagramTests;
			sourceTree = "<group>";
		};
		2FB300E419B5127E00D757A4 /* Supporting Files */ = {
			isa = PBXGroup;
			children = (
				2FB300E519B5127E00D757A4 /* Info.plist */,
			);
			name = "Supporting Files";
			sourceTree = "<group>";
		};
/* End PBXGroup section */

/* Begin PBXNativeTarget section */
		2FB300CF19B5127E00D757A4 /* Blocstagram */ = {
			isa = PBXNativeTarget;
			buildConfigurationList = 2FB300EA19B5127E00D757A4 /* Build configuration list for PBXNativeTarget "Blocstagram" */;
			buildPhases = (
				2FB300CC19B5127E00D757A4 /* Sources */,
				2FB300CD19B5127E00D757A4 /* Frameworks */,
				2FB300CE19B5127E00D757A4 /* Resources */,
			);
			buildRules = (
			);
			dependencies = (
			);
			name = Blocstagram;
			productName = Blocstagram;
			productReference = 2FB300D019B5127E00D757A4 /* Blocstagram.app */;
			productType = "com.apple.product-type.application";
		};
		2FB300DF19B5127E00D757A4 /* BlocstagramTests */ = {
			isa = PBXNativeTarget;
			buildConfigurationList = 2FB300ED19B5127E00D757A4 /* Build configuration list for PBXNativeTarget "BlocstagramTests" */;
			buildPhases = (
				2FB300DC19B5127E00D757A4 /* Sources */,
				2FB300DD19B5127E00D757A4 /* Frameworks */,
				2FB300DE19B5127E00D757A4 /* Resources */,
			);
			buildRules = (
			);
			dependencies = (
				2FB300E219B5127E00D757A4 /* PBXTargetDependency */,
			);
			name = BlocstagramTests;
			productName = BlocstagramTests;
			productReference = 2FB300E019B5127E00D757A4 /* BlocstagramTests.xctest */;
			productType = "com.apple.product-type.bundle.unit-test";
		};
/* End PBXNativeTarget section */

/* Begin PBXProject section */
		2FB300C819B5127E00D757A4 /* Project object */ = {
			isa = PBXProject;
			attributes = {
				CLASSPREFIX = BLC;
				LastUpgradeCheck = 0600;
				ORGANIZATIONNAME = "Tin Bear Studios";
				TargetAttributes = {
					2FB300CF19B5127E00D757A4 = {
						CreatedOnToolsVersion = 6.0;
					};
					2FB300DF19B5127E00D757A4 = {
						CreatedOnToolsVersion = 6.0;
						TestTargetID = 2FB300CF19B5127E00D757A4;
					};
				};
			};
			buildConfigurationList = 2FB300CB19B5127E00D757A4 /* Build configuration list for PBXProject "Blocstagram" */;
			compatibilityVersion = "Xcode 3.2";
			developmentRegion = English;
			hasScannedForEncodings = 0;
			knownRegions = (
				en,
			);
			mainGroup = 2FB300C719B5127E00D757A4;
			productRefGroup = 2FB300D119B5127E00D757A4 /* Products */;
			projectDirPath = "";
			projectRoot = "";
			targets = (
				2FB300CF19B5127E00D757A4 /* Blocstagram */,
				2FB300DF19B5127E00D757A4 /* BlocstagramTests */,
			);
		};
/* End PBXProject section */

/* Begin PBXResourcesBuildPhase section */
		2FB300CE19B5127E00D757A4 /* Resources */ = {
			isa = PBXResourcesBuildPhase;
			buildActionMask = 2147483647;
			files = (
				2FB300DB19B5127E00D757A4 /* Images.xcassets in Resources */,
			);
			runOnlyForDeploymentPostprocessing = 0;
		};
		2FB300DE19B5127E00D757A4 /* Resources */ = {
			isa = PBXResourcesBuildPhase;
			buildActionMask = 2147483647;
			files = (
			);
			runOnlyForDeploymentPostprocessing = 0;
		};
/* End PBXResourcesBuildPhase section */

/* Begin PBXSourcesBuildPhase section */
		2FB300CC19B5127E00D757A4 /* Sources */ = {
			isa = PBXSourcesBuildPhase;
			buildActionMask = 2147483647;
			files = (
				2FB300D919B5127E00D757A4 /* AppDelegate.m in Sources */,
				2FB300D619B5127E00D757A4 /* main.m in Sources */,
			);
			runOnlyForDeploymentPostprocessing = 0;
		};
		2FB300DC19B5127E00D757A4 /* Sources */ = {
			isa = PBXSourcesBuildPhase;
			buildActionMask = 2147483647;
			files = (
				2FB300E719B5127E00D757A4 /* BlocstagramTests.m in Sources */,
			);
			runOnlyForDeploymentPostprocessing = 0;
		};
/* End PBXSourcesBuildPhase section */

/* Begin PBXTargetDependency section */
		2FB300E219B5127E00D757A4 /* PBXTargetDependency */ = {
			isa = PBXTargetDependency;
			target = 2FB300CF19B5127E00D757A4 /* Blocstagram */;
			targetProxy = 2FB300E119B5127E00D757A4 /* PBXContainerItemProxy */;
		};
/* End PBXTargetDependency section */

/* Begin XCBuildConfiguration section */
		2FB300E819B5127E00D757A4 /* Debug */ = {
			isa = XCBuildConfiguration;
			buildSettings = {
				ALWAYS_SEARCH_USER_PATHS = NO;
				CLANG_CXX_LANGUAGE_STANDARD = "gnu++0x";
				CLANG_CXX_LIBRARY = "libc++";
				CLANG_ENABLE_MODULES = YES;
				CLANG_ENABLE_OBJC_ARC = YES;
				CLANG_WARN_BOOL_CONVERSION = YES;
				CLANG_WARN_CONSTANT_CONVERSION = YES;
				CLANG_WARN_DIRECT_OBJC_ISA_USAGE = YES_ERROR;
				CLANG_WARN_EMPTY_BODY = YES;
				CLANG_WARN_ENUM_CONVERSION = YES;
				CLANG_WARN_INT_CONVERSION = YES;
				CLANG_WARN_OBJC_ROOT_CLASS = YES_ERROR;
				CLANG_WARN_UNREACHABLE_CODE = YES;
				CLANG_WARN__DUPLICATE_METHOD_MATCH = YES;
				"CODE_SIGN_IDENTITY[sdk=iphoneos*]" = "iPhone Developer";
				COPY_PHASE_STRIP = NO;
				ENABLE_STRICT_OBJC_MSGSEND = YES;
				GCC_C_LANGUAGE_STANDARD = gnu99;
				GCC_DYNAMIC_NO_PIC = NO;
				GCC_OPTIMIZATION_LEVEL = 0;
				GCC_PREPROCESSOR_DEFINITIONS = (
					"DEBUG=1",
					"$(inherited)",
				);
				GCC_SYMBOLS_PRIVATE_EXTERN = NO;
				GCC_WARN_64_TO_32_BIT_CONVERSION = YES;
				GCC_WARN_ABOUT_RETURN_TYPE = YES_ERROR;
				GCC_WARN_UNDECLARED_SELECTOR = YES;
				GCC_WARN_UNINITIALIZED_AUTOS = YES_AGGRESSIVE;
				GCC_WARN_UNUSED_FUNCTION = YES;
				GCC_WARN_UNUSED_VARIABLE = YES;
				IPHONEOS_DEPLOYMENT_TARGET = 7.1;
				MTL_ENABLE_DEBUG_INFO = YES;
				ONLY_ACTIVE_ARCH = YES;
				SDKROOT = iphoneos;
				TARGETED_DEVICE_FAMILY = "1,2";
			};
			name = Debug;
		};
		2FB300E919B5127E00D757A4 /* Release */ = {
			isa = XCBuildConfiguration;
			buildSettings = {
				ALWAYS_SEARCH_USER_PATHS = NO;
				CLANG_CXX_LANGUAGE_STANDARD = "gnu++0x";
				CLANG_CXX_LIBRARY = "libc++";
				CLANG_ENABLE_MODULES = YES;
				CLANG_ENABLE_OBJC_ARC = YES;
				CLANG_WARN_BOOL_CONVERSION = YES;
				CLANG_WARN_CONSTANT_CONVERSION = YES;
				CLANG_WARN_DIRECT_OBJC_ISA_USAGE = YES_ERROR;
				CLANG_WARN_EMPTY_BODY = YES;
				CLANG_WARN_ENUM_CONVERSION = YES;
				CLANG_WARN_INT_CONVERSION = YES;
				CLANG_WARN_OBJC_ROOT_CLASS = YES_ERROR;
				CLANG_WARN_UNREACHABLE_CODE = YES;
				CLANG_WARN__DUPLICATE_METHOD_MATCH = YES;
				"CODE_SIGN_IDENTITY[sdk=iphoneos*]" = "iPhone Developer";
				COPY_PHASE_STRIP = YES;
				ENABLE_NS_ASSERTIONS = NO;
				ENABLE_STRICT_OBJC_MSGSEND = YES;
				GCC_C_LANGUAGE_STANDARD = gnu99;
				GCC_WARN_64_TO_32_BIT_CONVERSION = YES;
				GCC_WARN_ABOUT_RETURN_TYPE = YES_ERROR;
				GCC_WARN_UNDECLARED_SELECTOR = YES;
				GCC_WARN_UNINITIALIZED_AUTOS = YES_AGGRESSIVE;
				GCC_WARN_UNUSED_FUNCTION = YES;
				GCC_WARN_UNUSED_VARIABLE = YES;
				IPHONEOS_DEPLOYMENT_TARGET = 7.1;
				MTL_ENABLE_DEBUG_INFO = NO;
				SDKROOT = iphoneos;
				TARGETED_DEVICE_FAMILY = "1,2";
				VALIDATE_PRODUCT = YES;
			};
			name = Release;
		};
		2FB300EB19B5127E00D757A4 /* Debug */ = {
			isa = XCBuildConfiguration;
			buildSettings = {
				ASSETCATALOG_COMPILER_APPICON_NAME = AppIcon;
				ASSETCATALOG_COMPILER_LAUNCHIMAGE_NAME = LaunchImage;
				INFOPLIST_FILE = Blocstagram/Info.plist;
				LD_RUNPATH_SEARCH_PATHS = "$(inherited) @executable_path/Frameworks";
				PRODUCT_NAME = "$(TARGET_NAME)";
			};
			name = Debug;
		};
		2FB300EC19B5127E00D757A4 /* Release */ = {
			isa = XCBuildConfiguration;
			buildSettings = {
				ASSETCATALOG_COMPILER_APPICON_NAME = AppIcon;
				ASSETCATALOG_COMPILER_LAUNCHIMAGE_NAME = LaunchImage;
				INFOPLIST_FILE = Blocstagram/Info.plist;
				LD_RUNPATH_SEARCH_PATHS = "$(inherited) @executable_path/Frameworks";
				PRODUCT_NAME = "$(TARGET_NAME)";
			};
			name = Release;
		};
		2FB300EE19B5127E00D757A4 /* Debug */ = {
			isa = XCBuildConfiguration;
			buildSettings = {
				BUNDLE_LOADER = "$(TEST_HOST)";
				FRAMEWORK_SEARCH_PATHS = (
					"$(SDKROOT)/Developer/Library/Frameworks",
					"$(inherited)",
				);
				GCC_PREPROCESSOR_DEFINITIONS = (
					"DEBUG=1",
					"$(inherited)",
				);
				INFOPLIST_FILE = BlocstagramTests/Info.plist;
				LD_RUNPATH_SEARCH_PATHS = "$(inherited) @executable_path/Frameworks @loader_path/Frameworks";
				PRODUCT_NAME = "$(TARGET_NAME)";
				TEST_HOST = "$(BUILT_PRODUCTS_DIR)/Blocstagram.app/Blocstagram";
			};
			name = Debug;
		};
		2FB300EF19B5127E00D757A4 /* Release */ = {
			isa = XCBuildConfiguration;
			buildSettings = {
				BUNDLE_LOADER = "$(TEST_HOST)";
				FRAMEWORK_SEARCH_PATHS = (
					"$(SDKROOT)/Developer/Library/Frameworks",
					"$(inherited)",
				);
				INFOPLIST_FILE = BlocstagramTests/Info.plist;
				LD_RUNPATH_SEARCH_PATHS = "$(inherited) @executable_path/Frameworks @loader_path/Frameworks";
				PRODUCT_NAME = "$(TARGET_NAME)";
				TEST_HOST = "$(BUILT_PRODUCTS_DIR)/Blocstagram.app/Blocstagram";
			};
			name = Release;
		};
/* End XCBuildConfiguration section */

/* Begin XCConfigurationList section */
		2FB300CB19B5127E00D757A4 /* Build configuration list for PBXProject "Blocstagram" */ = {
			isa = XCConfigurationList;
			buildConfigurations = (
				2FB300E819B5127E00D757A4 /* Debug */,
				2FB300E919B5127E00D757A4 /* Release */,
			);
			defaultConfigurationIsVisible = 0;
			defaultConfigurationName = Release;
		};
		2FB300EA19B5127E00D757A4 /* Build configuration list for PBXNativeTarget "Blocstagram" */ = {
			isa = XCConfigurationList;
			buildConfigurations = (
				2FB300EB19B5127E00D757A4 /* Debug */,
				2FB300EC19B5127E00D757A4 /* Release */,
			);
			defaultConfigurationIsVisible = 0;
		};
		2FB300ED19B5127E00D757A4 /* Build configuration list for PBXNativeTarget "BlocstagramTests" */ = {
			isa = XCConfigurationList;
			buildConfigurations = (
				2FB300EE19B5127E00D757A4 /* Debug */,
				2FB300EF19B5127E00D757A4 /* Release */,
			);
			defaultConfigurationIsVisible = 0;
		};
/* End XCConfigurationList section */
	};
	rootObject = 2FB300C819B5127E00D757A4 /* Project object */;
}
